
Microsoft Visual Studio Solution File, Format Version 12.00
# Visual Studio Version 17
VisualStudioVersion = 17.0.32126.317
MinimumVisualStudioVersion = 10.0.40219.1
Project("{FAE04EC0-301F-11D3-BF4B-00C04F79EFBC}") = "WindowsFormsApp1", "WindowsFormsApp1\WindowsFormsApp1.csproj", "{58BE54FC-982B-4E9A-AA9F-C2DC3A90E084}"
EndProject
Global
	GlobalSection(SolutionConfigurationPlatforms) = preSolution
		Debug|Any CPU = Debug|Any CPU
		Release|Any CPU = Release|Any CPU
	EndGlobalSection
	GlobalSection(ProjectConfigurationPlatforms) = postSolution
		{58BE54FC-982B-4E9A-AA9F-C2DC3A90E084}.Debug|Any CPU.ActiveCfg = Debug|Any CPU
		{58BE54FC-982B-4E9A-AA9F-C2DC3A90E084}.Debug|Any CPU.Build.0 = Debug|Any CPU
		{58BE54FC-982B-4E9A-AA9F-C2DC3A90E084}.Release|Any CPU.ActiveCfg = Release|Any CPU
		{58BE54FC-982B-4E9A-AA9F-C2DC3A90E084}.Release|Any CPU.Build.0 = Release|Any CPU
	EndGlobalSection
	GlobalSection(SolutionProperties) = preSolution
		HideSolutionNode = FALSE
	EndGlobalSection
	GlobalSection(ExtensibilityGlobals) = postSolution
		SolutionGuid = {A12B5836-8C96-4924-AD8C-30F595D0B3FD}
	EndGlobalSection
EndGlobal
